# THIS IS AN AUTOGENERATED FILE. DO NOT EDIT THIS FILE DIRECTLY.
# yarn lockfile v1


ansi-bgblack@^0.1.1:
  version "0.1.1"
  resolved "https://registry.yarnpkg.com/ansi-bgblack/-/ansi-bgblack-0.1.1.tgz#a68ba5007887701b6aafbe3fa0dadfdfa8ee3ca2"
  dependencies:
    ansi-wrap "0.1.0"

ansi-bgblue@^0.1.1:
  version "0.1.1"
  resolved "https://registry.yarnpkg.com/ansi-bgblue/-/ansi-bgblue-0.1.1.tgz#67bdc04edc9b9b5278969da196dea3d75c8c3613"
  dependencies:
    ansi-wrap "0.1.0"

ansi-bgcyan@^0.1.1:
  version "0.1.1"
  resolved "https://registry.yarnpkg.com/ansi-bgcyan/-/ansi-bgcyan-0.1.1.tgz#58489425600bde9f5507068dd969ebfdb50fe768"
  dependencies:
    ansi-wrap "0.1.0"

ansi-bggreen@^0.1.1:
  version "0.1.1"
  resolved "https://registry.yarnpkg.com/ansi-bggreen/-/ansi-bggreen-0.1.1.tgz#4e3191248529943f4321e96bf131d1c13816af49"
  dependencies:
    ansi-wrap "0.1.0"

ansi-bgmagenta@^0.1.1:
  version "0.1.1"
  resolved "https://registry.yarnpkg.com/ansi-bgmagenta/-/ansi-bgmagenta-0.1.1.tgz#9b28432c076eaa999418672a3efbe19391c2c7a1"
  dependencies:
    ansi-wrap "0.1.0"

ansi-bgred@^0.1.1:
  version "0.1.1"
  resolved "https://registry.yarnpkg.com/ansi-bgred/-/ansi-bgred-0.1.1.tgz#a76f92838382ba43290a6c1778424f984d6f1041"
  dependencies:
    ansi-wrap "0.1.0"

ansi-bgwhite@^0.1.1:
  version "0.1.1"
  resolved "https://registry.yarnpkg.com/ansi-bgwhite/-/ansi-bgwhite-0.1.1.tgz#6504651377a58a6ececd0331994e480258e11ba8"
  dependencies:
    ansi-wrap "0.1.0"

ansi-bgyellow@^0.1.1:
  version "0.1.1"
  resolved "https://registry.yarnpkg.com/ansi-bgyellow/-/ansi-bgyellow-0.1.1.tgz#c3fe2eb08cd476648029e6874d15a0b38f61d44f"
  dependencies:
    ansi-wrap "0.1.0"

ansi-black@^0.1.1:
  version "0.1.1"
  resolved "https://registry.yarnpkg.com/ansi-black/-/ansi-black-0.1.1.tgz#f6185e889360b2545a1ec50c0bf063fc43032453"
  dependencies:
    ansi-wrap "0.1.0"

ansi-blue@^0.1.1:
  version "0.1.1"
  resolved "https://registry.yarnpkg.com/ansi-blue/-/ansi-blue-0.1.1.tgz#15b804990e92fc9ca8c5476ce8f699777c21edbf"
  dependencies:
    ansi-wrap "0.1.0"

ansi-bold@^0.1.1:
  version "0.1.1"
  resolved "https://registry.yarnpkg.com/ansi-bold/-/ansi-bold-0.1.1.tgz#3e63950af5acc2ae2e670e6f67deb115d1a5f505"
  dependencies:
    ansi-wrap "0.1.0"

ansi-colors@^0.2.0:
  version "0.2.0"
  resolved "https://registry.yarnpkg.com/ansi-colors/-/ansi-colors-0.2.0.tgz#72c31de2a0d9a2ccd0cac30cc9823eeb2f6434b5"
  dependencies:
    ansi-bgblack "^0.1.1"
    ansi-bgblue "^0.1.1"
    ansi-bgcyan "^0.1.1"
    ansi-bggreen "^0.1.1"
    ansi-bgmagenta "^0.1.1"
    ansi-bgred "^0.1.1"
    ansi-bgwhite "^0.1.1"
    ansi-bgyellow "^0.1.1"
    ansi-black "^0.1.1"
    ansi-blue "^0.1.1"
    ansi-bold "^0.1.1"
    ansi-cyan "^0.1.1"
    ansi-dim "^0.1.1"
    ansi-gray "^0.1.1"
    ansi-green "^0.1.1"
    ansi-grey "^0.1.1"
    ansi-hidden "^0.1.1"
    ansi-inverse "^0.1.1"
    ansi-italic "^0.1.1"
    ansi-magenta "^0.1.1"
    ansi-red "^0.1.1"
    ansi-reset "^0.1.1"
    ansi-strikethrough "^0.1.1"
    ansi-underline "^0.1.1"
    ansi-white "^0.1.1"
    ansi-yellow "^0.1.1"
    lazy-cache "^2.0.1"

ansi-cyan@^0.1.1:
  version "0.1.1"
  resolved "https://registry.yarnpkg.com/ansi-cyan/-/ansi-cyan-0.1.1.tgz#538ae528af8982f28ae30d86f2f17456d2609873"
  dependencies:
    ansi-wrap "0.1.0"

ansi-dim@^0.1.1:
  version "0.1.1"
  resolved "https://registry.yarnpkg.com/ansi-dim/-/ansi-dim-0.1.1.tgz#40de4c603aa8086d8e7a86b8ff998d5c36eefd6c"
  dependencies:
    ansi-wrap "0.1.0"

ansi-gray@^0.1.1:
  version "0.1.1"
  resolved "https://registry.yarnpkg.com/ansi-gray/-/ansi-gray-0.1.1.tgz#2962cf54ec9792c48510a3deb524436861ef7251"
  dependencies:
    ansi-wrap "0.1.0"

ansi-green@^0.1.1:
  version "0.1.1"
  resolved "https://registry.yarnpkg.com/ansi-green/-/ansi-green-0.1.1.tgz#8a5d9a979e458d57c40e33580b37390b8e10d0f7"
  dependencies:
    ansi-wrap "0.1.0"

ansi-grey@^0.1.1:
  version "0.1.1"
  resolved "https://registry.yarnpkg.com/ansi-grey/-/ansi-grey-0.1.1.tgz#59d98b6ac2ba19f8a51798e9853fba78339a33c1"
  dependencies:
    ansi-wrap "0.1.0"

ansi-hidden@^0.1.1:
  version "0.1.1"
  resolved "https://registry.yarnpkg.com/ansi-hidden/-/ansi-hidden-0.1.1.tgz#ed6a4c498d2bb7cbb289dbf2a8d1dcc8567fae0f"
  dependencies:
    ansi-wrap "0.1.0"

ansi-inverse@^0.1.1:
  version "0.1.1"
  resolved "https://registry.yarnpkg.com/ansi-inverse/-/ansi-inverse-0.1.1.tgz#b6af45826fe826bfb528a6c79885794355ccd269"
  dependencies:
    ansi-wrap "0.1.0"

ansi-italic@^0.1.1:
  version "0.1.1"
  resolved "https://registry.yarnpkg.com/ansi-italic/-/ansi-italic-0.1.1.tgz#104743463f625c142a036739cf85eda688986f23"
  dependencies:
    ansi-wrap "0.1.0"

ansi-magenta@^0.1.1:
  version "0.1.1"
  resolved "https://registry.yarnpkg.com/ansi-magenta/-/ansi-magenta-0.1.1.tgz#063b5ba16fb3f23e1cfda2b07c0a89de11e430ae"
  dependencies:
    ansi-wrap "0.1.0"

ansi-red@^0.1.1:
  version "0.1.1"
  resolved "https://registry.yarnpkg.com/ansi-red/-/ansi-red-0.1.1.tgz#8c638f9d1080800a353c9c28c8a81ca4705d946c"
  dependencies:
    ansi-wrap "0.1.0"

ansi-regex@^3.0.0:
  version "3.0.0"
  resolved "https://registry.yarnpkg.com/ansi-regex/-/ansi-regex-3.0.0.tgz#ed0317c322064f79466c02966bddb605ab37d998"

ansi-reset@^0.1.1:
  version "0.1.1"
  resolved "https://registry.yarnpkg.com/ansi-reset/-/ansi-reset-0.1.1.tgz#e7e71292c3c7ddcd4d62ef4a6c7c05980911c3b7"
  dependencies:
    ansi-wrap "0.1.0"

ansi-strikethrough@^0.1.1:
  version "0.1.1"
  resolved "https://registry.yarnpkg.com/ansi-strikethrough/-/ansi-strikethrough-0.1.1.tgz#d84877140b2cff07d1c93ebce69904f68885e568"
  dependencies:
    ansi-wrap "0.1.0"

ansi-styles@^3.2.1:
  version "3.2.1"
  resolved "https://registry.yarnpkg.com/ansi-styles/-/ansi-styles-3.2.1.tgz#41fbb20243e50b12be0f04b8dedbf07520ce841d"
  dependencies:
    color-convert "^1.9.0"

ansi-underline@^0.1.1:
  version "0.1.1"
  resolved "https://registry.yarnpkg.com/ansi-underline/-/ansi-underline-0.1.1.tgz#dfc920f4c97b5977ea162df8ffb988308aaa71a4"
  dependencies:
    ansi-wrap "0.1.0"

ansi-white@^0.1.1:
  version "0.1.1"
  resolved "https://registry.yarnpkg.com/ansi-white/-/ansi-white-0.1.1.tgz#9c77b7c193c5ee992e6011d36ec4c921b4578944"
  dependencies:
    ansi-wrap "0.1.0"

ansi-wrap@0.1.0:
  version "0.1.0"
  resolved "https://registry.yarnpkg.com/ansi-wrap/-/ansi-wrap-0.1.0.tgz#a82250ddb0015e9a27ca82e82ea603bbfa45efaf"

ansi-yellow@^0.1.1:
  version "0.1.1"
  resolved "https://registry.yarnpkg.com/ansi-yellow/-/ansi-yellow-0.1.1.tgz#cb9356f2f46c732f0e3199e6102955a77da83c1d"
  dependencies:
    ansi-wrap "0.1.0"

arr-flatten@^1.1.0:
  version "1.1.0"
  resolved "https://registry.yarnpkg.com/arr-flatten/-/arr-flatten-1.1.0.tgz#36048bbff4e7b47e136644316c99669ea5ae91f1"

arr-swap@^1.0.1:
  version "1.0.1"
  resolved "https://registry.yarnpkg.com/arr-swap/-/arr-swap-1.0.1.tgz#147590ed65fc815bc07fef0997c2e5823d643534"
  dependencies:
    is-number "^3.0.0"

assign-symbols@^1.0.0:
  version "1.0.0"
  resolved "https://registry.yarnpkg.com/assign-symbols/-/assign-symbols-1.0.0.tgz#59667f41fadd4f20ccbc2bb96b8d4f7f78ec0367"

chalk@^2.3.0:
  version "2.3.2"
  resolved "https://registry.yarnpkg.com/chalk/-/chalk-2.3.2.tgz#250dc96b07491bfd601e648d66ddf5f60c7a5c65"
  dependencies:
    ansi-styles "^3.2.1"
    escape-string-regexp "^1.0.5"
    supports-color "^5.3.0"

choices-separator@^2.0.0:
  version "2.0.0"
  resolved "https://registry.yarnpkg.com/choices-separator/-/choices-separator-2.0.0.tgz#92fd1763182d79033f5c5c51d0ba352e5567c696"
  dependencies:
    ansi-dim "^0.1.1"
    debug "^2.6.6"
    strip-color "^0.1.0"

clone-deep@^1.0.0:
  version "1.0.0"
  resolved "https://registry.yarnpkg.com/clone-deep/-/clone-deep-1.0.0.tgz#b2f354444b5d4a0ce58faca337ef34da2b14a6c7"
  dependencies:
    for-own "^1.0.0"
    is-plain-object "^2.0.4"
    kind-of "^5.0.0"
    shallow-clone "^1.0.0"

collection-visit@^1.0.0:
  version "1.0.0"
  resolved "https://registry.yarnpkg.com/collection-visit/-/collection-visit-1.0.0.tgz#4bc0373c164bc3291b4d368c829cf1a80a59dca0"
  dependencies:
    map-visit "^1.0.0"
    object-visit "^1.0.0"

color-convert@^1.9.0:
  version "1.9.1"
  resolved "https://registry.yarnpkg.com/color-convert/-/color-convert-1.9.1.tgz#c1261107aeb2f294ebffec9ed9ecad529a6097ed"
  dependencies:
    color-name "^1.1.1"

color-name@^1.1.1:
  version "1.1.3"
  resolved "https://registry.yarnpkg.com/color-name/-/color-name-1.1.3.tgz#a7d0558bd89c42f795dd42328f740831ca53bc25"

component-emitter@^1.2.1:
  version "1.2.1"
  resolved "https://registry.yarnpkg.com/component-emitter/-/component-emitter-1.2.1.tgz#137918d6d78283f7df7a6b7c5a63e140e69425e6"

copy-descriptor@^0.1.0:
  version "0.1.1"
  resolved "https://registry.yarnpkg.com/copy-descriptor/-/copy-descriptor-0.1.1.tgz#676f6eb3c39997c2ee1ac3a924fd6124748f578d"

"dart_sdk@file:../dart2ts/dart_sdk/dist":
  version "0.0.1"
  dependencies:
    reflect-metadata "^0.1.12"

debug@^2.6.6, debug@^2.6.8, debug@^3.0.1:
  version "3.1.0"
  resolved "https://registry.yarnpkg.com/debug/-/debug-3.1.0.tgz#5bb5a0672628b64149566ba16819e61518c67261"
  dependencies:
    ms "2.0.0"

deep-is@~0.1.3:
  version "0.1.3"
  resolved "https://registry.yarnpkg.com/deep-is/-/deep-is-0.1.3.tgz#b369d6fb5dbc13eecf524f91b070feedc357cf34"

define-property@^0.2.5, define-property@^1.0.0:
  version "1.0.0"
  resolved "https://registry.yarnpkg.com/define-property/-/define-property-1.0.0.tgz#769ebaaf3f4a63aad3af9e8d304c9bbe79bfb0e6"
  dependencies:
    is-descriptor "^1.0.0"

error-symbol@^0.1.0:
  version "0.1.0"
  resolved "https://registry.yarnpkg.com/error-symbol/-/error-symbol-0.1.0.tgz#0a4dae37d600d15a29ba453d8ef920f1844333f6"

escape-string-regexp@^1.0.5:
  version "1.0.5"
  resolved "https://registry.yarnpkg.com/escape-string-regexp/-/escape-string-regexp-1.0.5.tgz#1b61c0562190a8dff6ae3bb2cf0200ca130b86d4"

escodegen@^1.8.1:
  version "1.9.1"
  resolved "https://registry.yarnpkg.com/escodegen/-/escodegen-1.9.1.tgz#dbae17ef96c8e4bedb1356f4504fa4cc2f7cb7e2"
  dependencies:
    esprima "^3.1.3"
    estraverse "^4.2.0"
    esutils "^2.0.2"
    optionator "^0.8.1"
  optionalDependencies:
    source-map "~0.6.1"

esprima@^3.1.3, esprima@^4.0.0:
  version "4.0.0"
  resolved "https://registry.yarnpkg.com/esprima/-/esprima-4.0.0.tgz#4499eddcd1110e0b218bacf2fa7f7f59f55ca804"

estraverse@^4.2.0:
  version "4.2.0"
  resolved "https://registry.yarnpkg.com/estraverse/-/estraverse-4.2.0.tgz#0dee3fed31fcd469618ce7342099fc1afa0bdb13"

esutils@^2.0.2:
  version "2.0.2"
  resolved "https://registry.yarnpkg.com/esutils/-/esutils-2.0.2.tgz#0abf4f1caa5bcb1f7a9d8acc6dea4faaa04bac9b"

extend-shallow@^2.0.1, extend-shallow@^3.0.0:
  version "3.0.2"
  resolved "https://registry.yarnpkg.com/extend-shallow/-/extend-shallow-3.0.2.tgz#26a71aaf073b39fb2127172746131c2704028db8"
  dependencies:
    assign-symbols "^1.0.0"
    is-extendable "^1.0.1"

fast-levenshtein@~2.0.4:
  version "2.0.6"
  resolved "https://registry.yarnpkg.com/fast-levenshtein/-/fast-levenshtein-2.0.6.tgz#3d8a5c66883a16a30ca8643e851f19baa7797917"

for-in@^0.1.3, for-in@^1.0.1:
  version "1.0.2"
  resolved "https://registry.yarnpkg.com/for-in/-/for-in-1.0.2.tgz#81068d295a8142ec0ac726c6e2200c30fb6d5e80"

for-own@^1.0.0:
  version "1.0.0"
  resolved "https://registry.yarnpkg.com/for-own/-/for-own-1.0.0.tgz#c63332f415cedc4b04dbfe70cf836494c53cb44b"
  dependencies:
    for-in "^1.0.1"

has-flag@^3.0.0:
  version "3.0.0"
  resolved "https://registry.yarnpkg.com/has-flag/-/has-flag-3.0.0.tgz#b5d454dc2199ae225699f3467e5a07f3b955bafd"

info-symbol@^0.1.0:
  version "0.1.0"
  resolved "https://registry.yarnpkg.com/info-symbol/-/info-symbol-0.1.0.tgz#27841d72867ddb4242cd612d79c10633881c6a78"

is-accessor-descriptor@^0.1.6, is-accessor-descriptor@^1.0.0:
  version "1.0.0"
  resolved "https://registry.yarnpkg.com/is-accessor-descriptor/-/is-accessor-descriptor-1.0.0.tgz#169c2f6d3df1f992618072365c9b0ea1f6878656"
  dependencies:
    kind-of "^6.0.0"

is-buffer@^1.1.5:
  version "1.1.6"
  resolved "https://registry.yarnpkg.com/is-buffer/-/is-buffer-1.1.6.tgz#efaa2ea9daa0d7ab2ea13a97b2b8ad51fefbe8be"

is-data-descriptor@^0.1.4, is-data-descriptor@^1.0.0:
  version "1.0.0"
  resolved "https://registry.yarnpkg.com/is-data-descriptor/-/is-data-descriptor-1.0.0.tgz#d84876321d0e7add03990406abbbbd36ba9268c7"
  dependencies:
    kind-of "^6.0.0"

is-descriptor@^0.1.0, is-descriptor@^1.0.0:
  version "1.0.2"
  resolved "https://registry.yarnpkg.com/is-descriptor/-/is-descriptor-1.0.2.tgz#3b159746a66604b04f8c81524ba365c5f14d86ec"
  dependencies:
    is-accessor-descriptor "^1.0.0"
    is-data-descriptor "^1.0.0"
    kind-of "^6.0.2"

is-extendable@^0.1.0, is-extendable@^0.1.1, is-extendable@^1.0.1:
  version "1.0.1"
  resolved "https://registry.yarnpkg.com/is-extendable/-/is-extendable-1.0.1.tgz#a7470f9e426733d81bd81e1155264e3a3507cab4"
  dependencies:
    is-plain-object "^2.0.4"

is-fullwidth-code-point@^2.0.0:
  version "2.0.0"
  resolved "https://registry.yarnpkg.com/is-fullwidth-code-point/-/is-fullwidth-code-point-2.0.0.tgz#a3b30a5c4f199183167aaab93beefae3ddfb654f"

is-number@^3.0.0:
  version "3.0.0"
  resolved "https://registry.yarnpkg.com/is-number/-/is-number-3.0.0.tgz#24fd6201a4782cf50561c810276afc7d12d71195"
  dependencies:
    kind-of "^3.0.2"

is-plain-object@^2.0.3, is-plain-object@^2.0.4:
  version "2.0.4"
  resolved "https://registry.yarnpkg.com/is-plain-object/-/is-plain-object-2.0.4.tgz#2c163b3fafb1b606d9d17928f05c2a1c38e07677"
  dependencies:
    isobject "^3.0.1"

is-windows@^1.0.1:
  version "1.0.2"
  resolved "https://registry.yarnpkg.com/is-windows/-/is-windows-1.0.2.tgz#d1850eb9791ecd18e6182ce12a30f396634bb19d"

isobject@^3.0.0, isobject@^3.0.1:
  version "3.0.1"
  resolved "https://registry.yarnpkg.com/isobject/-/isobject-3.0.1.tgz#4e431e92b11a9731636aa1f9c8d1ccbcfdab78df"

kind-of@^3.0.2, kind-of@^3.0.3, kind-of@^5.0.0, kind-of@^5.0.2, kind-of@^6.0.0, kind-of@^6.0.2:
  version "6.0.2"
  resolved "https://registry.yarnpkg.com/kind-of/-/kind-of-6.0.2.tgz#01146b36a6218e64e58f3a8d66de5d7fc6f6d051"

koalas@^1.0.2:
  version "1.0.2"
  resolved "https://registry.yarnpkg.com/koalas/-/koalas-1.0.2.tgz#318433f074235db78fae5661a02a8ca53ee295cd"

lazy-cache@^2.0.1, lazy-cache@^2.0.2:
  version "2.0.2"
  resolved "https://registry.yarnpkg.com/lazy-cache/-/lazy-cache-2.0.2.tgz#b9190a4f913354694840859f8a8f7084d8822264"
  dependencies:
    set-getter "^0.1.0"

levn@~0.3.0:
  version "0.3.0"
  resolved "https://registry.yarnpkg.com/levn/-/levn-0.3.0.tgz#3b09924edf9f083c0490fdd4c0bc4421e04764ee"
  dependencies:
    prelude-ls "~1.1.2"
    type-check "~0.3.2"

log-ok@^0.1.1:
  version "0.1.1"
  resolved "https://registry.yarnpkg.com/log-ok/-/log-ok-0.1.1.tgz#bea3dd36acd0b8a7240d78736b5b97c65444a334"
  dependencies:
    ansi-green "^0.1.1"
    success-symbol "^0.1.0"

log-utils@^0.2.1:
  version "0.2.1"
  resolved "https://registry.yarnpkg.com/log-utils/-/log-utils-0.2.1.tgz#a4c217a0dd9a50515d9b920206091ab3d4e031cf"
  dependencies:
    ansi-colors "^0.2.0"
    error-symbol "^0.1.0"
    info-symbol "^0.1.0"
    log-ok "^0.1.1"
    success-symbol "^0.1.0"
    time-stamp "^1.0.1"
    warning-symbol "^0.1.0"

map-visit@^1.0.0:
  version "1.0.0"
  resolved "https://registry.yarnpkg.com/map-visit/-/map-visit-1.0.0.tgz#ecdca8f13144e660f1b5bd41f12f3479d98dfb8f"
  dependencies:
    object-visit "^1.0.0"

mixin-object@^2.0.1:
  version "2.0.1"
  resolved "https://registry.yarnpkg.com/mixin-object/-/mixin-object-2.0.1.tgz#4fb949441dab182540f1fe035ba60e1947a5e57e"
  dependencies:
    for-in "^0.1.3"
    is-extendable "^0.1.1"

ms@2.0.0:
  version "2.0.0"
  resolved "https://registry.yarnpkg.com/ms/-/ms-2.0.0.tgz#5608aeadfc00be6c2901df5f9861788de0d597c8"

mute-stream@0.0.7:
  version "0.0.7"
  resolved "https://registry.yarnpkg.com/mute-stream/-/mute-stream-0.0.7.tgz#3075ce93bc21b8fab43e1bc4da7e8115ed1e7bab"

object-copy@^0.1.0:
  version "0.1.0"
  resolved "https://registry.yarnpkg.com/object-copy/-/object-copy-0.1.0.tgz#7e7d858b781bd7c991a41ba975ed3812754e998c"
  dependencies:
    copy-descriptor "^0.1.0"
    define-property "^0.2.5"
    kind-of "^3.0.3"

object-visit@^1.0.0:
  version "1.0.1"
  resolved "https://registry.yarnpkg.com/object-visit/-/object-visit-1.0.1.tgz#f79c4493af0c5377b59fe39d395e41042dd045bb"
  dependencies:
    isobject "^3.0.0"

optionator@^0.8.1:
  version "0.8.2"
  resolved "https://registry.yarnpkg.com/optionator/-/optionator-0.8.2.tgz#364c5e409d3f4d6301d6c0b4c05bba50180aeb64"
  dependencies:
    deep-is "~0.1.3"
    fast-levenshtein "~2.0.4"
    levn "~0.3.0"
    prelude-ls "~1.1.2"
    type-check "~0.3.2"
    wordwrap "~1.0.0"

pointer-symbol@^1.0.0:
  version "1.0.0"
  resolved "https://registry.yarnpkg.com/pointer-symbol/-/pointer-symbol-1.0.0.tgz#60f9110204ea7a929b62644a21315543cbb3d447"

prelude-ls@~1.1.2:
  version "1.1.2"
  resolved "https://registry.yarnpkg.com/prelude-ls/-/prelude-ls-1.1.2.tgz#21932a549f5e52ffd9a827f570e04be62a97da54"

prompt-actions@^3.0.2:
  version "3.0.2"
  resolved "https://registry.yarnpkg.com/prompt-actions/-/prompt-actions-3.0.2.tgz#537eee52241c940379f354a06eae8528e44ceeba"
  dependencies:
    debug "^2.6.8"

prompt-base@^4.0.1:
  version "4.1.0"
  resolved "https://registry.yarnpkg.com/prompt-base/-/prompt-base-4.1.0.tgz#7b88e4c01b096c83d2f4e501a7e85f0d369ecd1f"
  dependencies:
    component-emitter "^1.2.1"
    debug "^3.0.1"
    koalas "^1.0.2"
    log-utils "^0.2.1"
    prompt-actions "^3.0.2"
    prompt-question "^5.0.1"
    readline-ui "^2.2.3"
    readline-utils "^2.2.3"
    static-extend "^0.1.2"

prompt-choices@^4.0.5:
  version "4.0.5"
  resolved "https://registry.yarnpkg.com/prompt-choices/-/prompt-choices-4.0.5.tgz#32a8d30f646bcedae79b061450ed24484808df4e"
  dependencies:
    arr-flatten "^1.1.0"
    arr-swap "^1.0.1"
    choices-separator "^2.0.0"
    clone-deep "^1.0.0"
    collection-visit "^1.0.0"
    debug "^3.0.1"
    define-property "^1.0.0"
    extend-shallow "^2.0.1"
    is-number "^3.0.0"
    kind-of "^5.0.2"
    koalas "^1.0.2"
    lazy-cache "^2.0.2"
    log-utils "^0.2.1"
    pointer-symbol "^1.0.0"
    radio-symbol "^2.0.0"
    set-value "^2.0.0"
    strip-color "^0.1.0"
    terminal-paginator "^2.0.2"
    toggle-array "^1.0.1"

prompt-confirm@^1.2.0:
  version "1.2.0"
  resolved "https://registry.yarnpkg.com/prompt-confirm/-/prompt-confirm-1.2.0.tgz#ed96d0ecc3a3485c7c9d7103bf19444e7811631f"
  dependencies:
    debug "^2.6.8"
    prompt-base "^4.0.1"

prompt-question@^5.0.1:
  version "5.0.2"
  resolved "https://registry.yarnpkg.com/prompt-question/-/prompt-question-5.0.2.tgz#81a479f38f0bafecc758e5d6f7bc586e599610b3"
  dependencies:
    clone-deep "^1.0.0"
    debug "^3.0.1"
    define-property "^1.0.0"
    isobject "^3.0.1"
    kind-of "^5.0.2"
    koalas "^1.0.2"
    prompt-choices "^4.0.5"

radio-symbol@^2.0.0:
  version "2.0.0"
  resolved "https://registry.yarnpkg.com/radio-symbol/-/radio-symbol-2.0.0.tgz#7aa9bfc50485636d52dd76d6a8e631b290799ae1"
  dependencies:
    ansi-gray "^0.1.1"
    ansi-green "^0.1.1"
    is-windows "^1.0.1"

readline-ui@^2.2.3:
  version "2.2.3"
  resolved "https://registry.yarnpkg.com/readline-ui/-/readline-ui-2.2.3.tgz#9e873a7668bbd8ca8a5573ce810a6bafb70a5089"
  dependencies:
    component-emitter "^1.2.1"
    debug "^2.6.8"
    readline-utils "^2.2.1"
    string-width "^2.0.0"

readline-utils@^2.2.1, readline-utils@^2.2.3:
  version "2.2.3"
  resolved "https://registry.yarnpkg.com/readline-utils/-/readline-utils-2.2.3.tgz#6f847d6b8f1915c391b581c367cd47873862351a"
  dependencies:
    arr-flatten "^1.1.0"
    extend-shallow "^2.0.1"
    is-buffer "^1.1.5"
    is-number "^3.0.0"
    is-windows "^1.0.1"
    koalas "^1.0.2"
    mute-stream "0.0.7"
    strip-color "^0.1.0"
    window-size "^1.1.0"

reflect-metadata@^0.1.12:
  version "0.1.12"
  resolved "https://registry.yarnpkg.com/reflect-metadata/-/reflect-metadata-0.1.12.tgz#311bf0c6b63cd782f228a81abe146a2bfa9c56f2"

set-getter@^0.1.0:
  version "0.1.0"
  resolved "https://registry.yarnpkg.com/set-getter/-/set-getter-0.1.0.tgz#d769c182c9d5a51f409145f2fba82e5e86e80376"
  dependencies:
    to-object-path "^0.3.0"

set-value@^2.0.0:
  version "2.0.0"
  resolved "https://registry.yarnpkg.com/set-value/-/set-value-2.0.0.tgz#71ae4a88f0feefbbf52d1ea604f3fb315ebb6274"
  dependencies:
    extend-shallow "^2.0.1"
    is-extendable "^0.1.1"
    is-plain-object "^2.0.3"
    split-string "^3.0.1"

shallow-clone@^1.0.0:
  version "1.0.0"
  resolved "https://registry.yarnpkg.com/shallow-clone/-/shallow-clone-1.0.0.tgz#4480cd06e882ef68b2ad88a3ea54832e2c48b571"
  dependencies:
    is-extendable "^0.1.1"
    kind-of "^5.0.0"
    mixin-object "^2.0.1"

source-map@~0.6.1:
  version "0.6.1"
  resolved "https://registry.yarnpkg.com/source-map/-/source-map-0.6.1.tgz#74722af32e9614e9c287a8d0bbde48b5e2f1a263"

split-string@^3.0.1:
  version "3.1.0"
  resolved "https://registry.yarnpkg.com/split-string/-/split-string-3.1.0.tgz#7cb09dda3a86585705c64b39a6466038682e8fe2"
  dependencies:
    extend-shallow "^3.0.0"

static-extend@^0.1.2:
  version "0.1.2"
  resolved "https://registry.yarnpkg.com/static-extend/-/static-extend-0.1.2.tgz#60809c39cbff55337226fd5e0b520f341f1fb5c6"
  dependencies:
    define-property "^0.2.5"
    object-copy "^0.1.0"

string-width@^2.0.0:
  version "2.1.1"
  resolved "https://registry.yarnpkg.com/string-width/-/string-width-2.1.1.tgz#ab93f27a8dc13d28cac815c462143a6d9012ae9e"
  dependencies:
    is-fullwidth-code-point "^2.0.0"
    strip-ansi "^4.0.0"

strip-ansi@^4.0.0:
  version "4.0.0"
  resolved "https://registry.yarnpkg.com/strip-ansi/-/strip-ansi-4.0.0.tgz#a8479022eb1ac368a871389b635262c505ee368f"
  dependencies:
    ansi-regex "^3.0.0"

strip-color@^0.1.0:
  version "0.1.0"
  resolved "https://registry.yarnpkg.com/strip-color/-/strip-color-0.1.0.tgz#106f65d3d3e6a2d9401cac0eb0ce8b8a702b4f7b"

success-symbol@^0.1.0:
  version "0.1.0"
  resolved "https://registry.yarnpkg.com/success-symbol/-/success-symbol-0.1.0.tgz#24022e486f3bf1cdca094283b769c472d3b72897"

supports-color@^5.3.0:
  version "5.3.0"
  resolved "https://registry.yarnpkg.com/supports-color/-/supports-color-5.3.0.tgz#5b24ac15db80fa927cf5227a4a33fd3c4c7676c0"
  dependencies:
    has-flag "^3.0.0"

terminal-paginator@^2.0.2:
  version "2.0.2"
  resolved "https://registry.yarnpkg.com/terminal-paginator/-/terminal-paginator-2.0.2.tgz#967e66056f28fe8f55ba7c1eebfb7c3ef371c1d3"
  dependencies:
    debug "^2.6.6"
    extend-shallow "^2.0.1"
    log-utils "^0.2.1"

time-stamp@^1.0.1:
  version "1.1.0"
  resolved "https://registry.yarnpkg.com/time-stamp/-/time-stamp-1.1.0.tgz#764a5a11af50561921b133f3b44e618687e0f5c3"

to-object-path@^0.3.0:
  version "0.3.0"
  resolved "https://registry.yarnpkg.com/to-object-path/-/to-object-path-0.3.0.tgz#297588b7b0e7e0ac08e04e672f85c1f4999e17af"
  dependencies:
    kind-of "^3.0.2"

toggle-array@^1.0.1:
  version "1.0.1"
  resolved "https://registry.yarnpkg.com/toggle-array/-/toggle-array-1.0.1.tgz#cbf5840792bd5097f33117ae824c932affe87d58"
  dependencies:
    isobject "^3.0.0"

tspath@^1.2.10:
  version "1.2.10"
  resolved "https://registry.yarnpkg.com/tspath/-/tspath-1.2.10.tgz#c3a234242100ac8ddc8d1ae25e003b40c026a37c"
  dependencies:
    chalk "^2.3.0"
    escodegen "^1.8.1"
    esprima "^4.0.0"
    prompt-confirm "^1.2.0"

type-check@~0.3.2:
  version "0.3.2"
  resolved "https://registry.yarnpkg.com/type-check/-/type-check-0.3.2.tgz#5884cab512cf1d355e3fb784f30804b2b520db72"
  dependencies:
    prelude-ls "~1.1.2"

typescript@^2.5.2:
  version "2.7.2"
  resolved "https://registry.yarnpkg.com/typescript/-/typescript-2.7.2.tgz#2d615a1ef4aee4f574425cdff7026edf81919836"

warning-symbol@^0.1.0:
  version "0.1.0"
  resolved "https://registry.yarnpkg.com/warning-symbol/-/warning-symbol-0.1.0.tgz#bb31dd11b7a0f9d67ab2ed95f457b65825bbad21"

window-size@^1.1.0:
  version "1.1.0"
  resolved "https://registry.yarnpkg.com/window-size/-/window-size-1.1.0.tgz#3b402d3244f35561db2c9761ad9d1e5286b07a2d"
  dependencies:
    define-property "^1.0.0"
    is-number "^3.0.0"

wordwrap@~1.0.0:
  version "1.0.0"
  resolved "https://registry.yarnpkg.com/wordwrap/-/wordwrap-1.0.0.tgz#27584810891456a4171c8d0226441ade90cbcaeb"
