{
  "name": "e2e_test",
  "version": "1.0.0",
  "lockfileVersion": 1,
  "requires": true,
  "dependencies": {
    "dart_sdk": {
      "version": "file:../../dart2ts/dart_sdk/dist",
      "requires": {
        "reflect-metadata": "0.1.12"
      },
      "dependencies": {
        "reflect-metadata": {
          "version": "0.1.12",
          "bundled": true
        },
        "typescript": {
          "version": "2.7.2",
          "bundled": true
        }
      }
    },
    "html5": {
      "version": "file:../dist"
    },
    "typescript": {
      "version": "2.7.2",
      "resolved": "https://registry.npmjs.org/typescript/-/typescript-2.7.2.tgz",
      "integrity": "sha512-p5TCYZDAO0m4G344hD+wx/LATebLWZNkkh2asWUFqSsD2OrDNhbAHuSjobrmsUmdzjJjEeZVU9g1h3O6vpstnw==",
      "dev": true
    }
  }
}
